// !$*UTF8*$!
{
	archiveVersion = 1;
	classes = {
	};
	objectVersion = 56;
	objects = {

/* Begin PBXBuildFile section */
		2C6F0B2D29EEFEF800822EF2 /* AppDelegate.swift in Sources */ = {isa = PBXBuildFile; fileRef = 2C6F0B2C29EEFEF800822EF2 /* AppDelegate.swift */; };
		2C6F0B2F29EEFEF800822EF2 /* SceneDelegate.swift in Sources */ = {isa = PBXBuildFile; fileRef = 2C6F0B2E29EEFEF800822EF2 /* SceneDelegate.swift */; };
		2C6F0B3129EEFEF800822EF2 /* ViewController.swift in Sources */ = {isa = PBXBuildFile; fileRef = 2C6F0B3029EEFEF800822EF2 /* ViewController.swift */; };
		2C6F0B3429EEFEF800822EF2 /* Main.storyboard in Resources */ = {isa = PBXBuildFile; fileRef = 2C6F0B3229EEFEF800822EF2 /* Main.storyboard */; };
		2C6F0B3629EEFEFA00822EF2 /* Assets.xcassets in Resources */ = {isa = PBXBuildFile; fileRef = 2C6F0B3529EEFEFA00822EF2 /* Assets.xcassets */; };
		2C6F0B3929EEFEFA00822EF2 /* LaunchScreen.storyboard in Resources */ = {isa = PBXBuildFile; fileRef = 2C6F0B3729EEFEFA00822EF2 /* LaunchScreen.storyboard */; };
		2C6F0B4429EEFEFA00822EF2 /* sf_unit17Tests.swift in Sources */ = {isa = PBXBuildFile; fileRef = 2C6F0B4329EEFEFA00822EF2 /* sf_unit17Tests.swift */; };
		2C6F0B4E29EEFEFA00822EF2 /* sf_unit17UITests.swift in Sources */ = {isa = PBXBuildFile; fileRef = 2C6F0B4D29EEFEFA00822EF2 /* sf_unit17UITests.swift */; };
		2C6F0B5029EEFEFA00822EF2 /* sf_unit17UITestsLaunchTests.swift in Sources */ = {isa = PBXBuildFile; fileRef = 2C6F0B4F29EEFEFA00822EF2 /* sf_unit17UITestsLaunchTests.swift */; };
/* End PBXBuildFile section */

/* Begin PBXContainerItemProxy section */
		2C6F0B4029EEFEFA00822EF2 /* PBXContainerItemProxy */ = {
			isa = PBXContainerItemProxy;
			containerPortal = 2C6F0B2129EEFEF800822EF2 /* Project object */;
			proxyType = 1;
			remoteGlobalIDString = 2C6F0B2829EEFEF800822EF2;
			remoteInfo = sf_unit17;
		};
		2C6F0B4A29EEFEFA00822EF2 /* PBXContainerItemProxy */ = {
			isa = PBXContainerItemProxy;
			containerPortal = 2C6F0B2129EEFEF800822EF2 /* Project object */;
			proxyType = 1;
			remoteGlobalIDString = 2C6F0B2829EEFEF800822EF2;
			remoteInfo = sf_unit17;
		};
/* End PBXContainerItemProxy section */

/* Begin PBXFileReference section */
		2C6F0B2929EEFEF800822EF2 /* sf_unit17.app */ = {isa = PBXFileReference; explicitFileType = wrapper.application; includeInIndex = 0; path = sf_unit17.app; sourceTree = BUILT_PRODUCTS_DIR; };
		2C6F0B2C29EEFEF800822EF2 /* AppDelegate.swift */ = {isa = PBXFileReference; lastKnownFileType = sourcecode.swift; path = AppDelegate.swift; sourceTree = "<group>"; };
		2C6F0B2E29EEFEF800822EF2 /* SceneDelegate.swift */ = {isa = PBXFileReference; lastKnownFileType = sourcecode.swift; path = SceneDelegate.swift; sourceTree = "<group>"; };
		2C6F0B3029EEFEF800822EF2 /* ViewController.swift */ = {isa = PBXFileReference; lastKnownFileType = sourcecode.swift; path = ViewController.swift; sourceTree = "<group>"; };
		2C6F0B3329EEFEF800822EF2 /* Base */ = {isa = PBXFileReference; lastKnownFileType = file.storyboard; name = Base; path = Base.lproj/Main.storyboard; sourceTree = "<group>"; };
		2C6F0B3529EEFEFA00822EF2 /* Assets.xcassets */ = {isa = PBXFileReference; lastKnownFileType = folder.assetcatalog; path = Assets.xcassets; sourceTree = "<group>"; };
		2C6F0B3829EEFEFA00822EF2 /* Base */ = {isa = PBXFileReference; lastKnownFileType = file.storyboard; name = Base; path = Base.lproj/LaunchScreen.storyboard; sourceTree = "<group>"; };
		2C6F0B3A29EEFEFA00822EF2 /* Info.plist */ = {isa = PBXFileReference; lastKnownFileType = text.plist.xml; path = Info.plist; sourceTree = "<group>"; };
		2C6F0B3F29EEFEFA00822EF2 /* sf_unit17Tests.xctest */ = {isa = PBXFileReference; explicitFileType = wrapper.cfbundle; includeInIndex = 0; path = sf_unit17Tests.xctest; sourceTree = BUILT_PRODUCTS_DIR; };
		2C6F0B4329EEFEFA00822EF2 /* sf_unit17Tests.swift */ = {isa = PBXFileReference; lastKnownFileType = sourcecode.swift; path = sf_unit17Tests.swift; sourceTree = "<group>"; };
		2C6F0B4929EEFEFA00822EF2 /* sf_unit17UITests.xctest */ = {isa = PBXFileReference; explicitFileType = wrapper.cfbundle; includeInIndex = 0; path = sf_unit17UITests.xctest; sourceTree = BUILT_PRODUCTS_DIR; };
		2C6F0B4D29EEFEFA00822EF2 /* sf_unit17UITests.swift */ = {isa = PBXFileReference; lastKnownFileType = sourcecode.swift; path = sf_unit17UITests.swift; sourceTree = "<group>"; };
		2C6F0B4F29EEFEFA00822EF2 /* sf_unit17UITestsLaunchTests.swift */ = {isa = PBXFileReference; lastKnownFileType = sourcecode.swift; path = sf_unit17UITestsLaunchTests.swift; sourceTree = "<group>"; };
/* End PBXFileReference section */

/* Begin PBXFrameworksBuildPhase section */
		2C6F0B2629EEFEF800822EF2 /* Frameworks */ = {
			isa = PBXFrameworksBuildPhase;
			buildActionMask = 2147483647;
			files = (
			);
			runOnlyForDeploymentPostprocessing = 0;
		};
		2C6F0B3C29EEFEFA00822EF2 /* Frameworks */ = {
			isa = PBXFrameworksBuildPhase;
			buildActionMask = 2147483647;
			files = (
			);
			runOnlyForDeploymentPostprocessing = 0;
		};
		2C6F0B4629EEFEFA00822EF2 /* Frameworks */ = {
			isa = PBXFrameworksBuildPhase;
			buildActionMask = 2147483647;
			files = (
			);
			runOnlyForDeploymentPostprocessing = 0;
		};
/* End PBXFrameworksBuildPhase section */

/* Begin PBXGroup section */
		2C6F0B2029EEFEF800822EF2 = {
			isa = PBXGroup;
			children = (
				2C6F0B2B29EEFEF800822EF2 /* sf_unit17 */,
				2C6F0B4229EEFEFA00822EF2 /* sf_unit17Tests */,
				2C6F0B4C29EEFEFA00822EF2 /* sf_unit17UITests */,
				2C6F0B2A29EEFEF800822EF2 /* Products */,
			);
			sourceTree = "<group>";
		};
		2C6F0B2A29EEFEF800822EF2 /* Products */ = {
			isa = PBXGroup;
			children = (
				2C6F0B2929EEFEF800822EF2 /* sf_unit17.app */,
				2C6F0B3F29EEFEFA00822EF2 /* sf_unit17Tests.xctest */,
				2C6F0B4929EEFEFA00822EF2 /* sf_unit17UITests.xctest */,
			);
			name = Products;
			sourceTree = "<group>";
		};
		2C6F0B2B29EEFEF800822EF2 /* sf_unit17 */ = {
			isa = PBXGroup;
			children = (
				2C6F0B2C29EEFEF800822EF2 /* AppDelegate.swift */,
				2C6F0B2E29EEFEF800822EF2 /* SceneDelegate.swift */,
				2C6F0B3029EEFEF800822EF2 /* ViewController.swift */,
				2C6F0B3229EEFEF800822EF2 /* Main.storyboard */,
				2C6F0B3529EEFEFA00822EF2 /* Assets.xcassets */,
				2C6F0B3729EEFEFA00822EF2 /* LaunchScreen.storyboard */,
				2C6F0B3A29EEFEFA00822EF2 /* Info.plist */,
			);
			path = sf_unit17;
			sourceTree = "<group>";
		};
		2C6F0B4229EEFEFA00822EF2 /* sf_unit17Tests */ = {
			isa = PBXGroup;
			children = (
				2C6F0B4329EEFEFA00822EF2 /* sf_unit17Tests.swift */,
			);
			path = sf_unit17Tests;
			sourceTree = "<group>";
		};
		2C6F0B4C29EEFEFA00822EF2 /* sf_unit17UITests */ = {
			isa = PBXGroup;
			children = (
				2C6F0B4D29EEFEFA00822EF2 /* sf_unit17UITests.swift */,
				2C6F0B4F29EEFEFA00822EF2 /* sf_unit17UITestsLaunchTests.swift */,
			);
			path = sf_unit17UITests;
			sourceTree = "<group>";
		};
/* End PBXGroup section */

/* Begin PBXNativeTarget section */
		2C6F0B2829EEFEF800822EF2 /* sf_unit17 */ = {
			isa = PBXNativeTarget;
			buildConfigurationList = 2C6F0B5329EEFEFA00822EF2 /* Build configuration list for PBXNativeTarget "sf_unit17" */;
			buildPhases = (
				2C6F0B2529EEFEF800822EF2 /* Sources */,
				2C6F0B2629EEFEF800822EF2 /* Frameworks */,
				2C6F0B2729EEFEF800822EF2 /* Resources */,
			);
			buildRules = (
			);
			dependencies = (
			);
			name = sf_unit17;
			productName = sf_unit17;
			productReference = 2C6F0B2929EEFEF800822EF2 /* sf_unit17.app */;
			productType = "com.apple.product-type.application";
		};
		2C6F0B3E29EEFEFA00822EF2 /* sf_unit17Tests */ = {
			isa = PBXNativeTarget;
			buildConfigurationList = 2C6F0B5629EEFEFA00822EF2 /* Build configuration list for PBXNativeTarget "sf_unit17Tests" */;
			buildPhases = (
				2C6F0B3B29EEFEFA00822EF2 /* Sources */,
				2C6F0B3C29EEFEFA00822EF2 /* Frameworks */,
				2C6F0B3D29EEFEFA00822EF2 /* Resources */,
			);
			buildRules = (
			);
			dependencies = (
				2C6F0B4129EEFEFA00822EF2 /* PBXTargetDependency */,
			);
			name = sf_unit17Tests;
			productName = sf_unit17Tests;
			productReference = 2C6F0B3F29EEFEFA00822EF2 /* sf_unit17Tests.xctest */;
			productType = "com.apple.product-type.bundle.unit-test";
		};
		2C6F0B4829EEFEFA00822EF2 /* sf_unit17UITests */ = {
			isa = PBXNativeTarget;
			buildConfigurationList = 2C6F0B5929EEFEFA00822EF2 /* Build configuration list for PBXNativeTarget "sf_unit17UITests" */;
			buildPhases = (
				2C6F0B4529EEFEFA00822EF2 /* Sources */,
				2C6F0B4629EEFEFA00822EF2 /* Frameworks */,
				2C6F0B4729EEFEFA00822EF2 /* Resources */,
			);
			buildRules = (
			);
			dependencies = (
				2C6F0B4B29EEFEFA00822EF2 /* PBXTargetDependency */,
			);
			name = sf_unit17UITests;
			productName = sf_unit17UITests;
			productReference = 2C6F0B4929EEFEFA00822EF2 /* sf_unit17UITests.xctest */;
			productType = "com.apple.product-type.bundle.ui-testing";
		};
/* End PBXNativeTarget section */

/* Begin PBXProject section */
		2C6F0B2129EEFEF800822EF2 /* Project object */ = {
			isa = PBXProject;
			attributes = {
				BuildIndependentTargetsInParallel = 1;
				LastSwiftUpdateCheck = 1430;
				LastUpgradeCheck = 1430;
				TargetAttributes = {
					2C6F0B2829EEFEF800822EF2 = {
						CreatedOnToolsVersion = 14.3;
					};
					2C6F0B3E29EEFEFA00822EF2 = {
						CreatedOnToolsVersion = 14.3;
						TestTargetID = 2C6F0B2829EEFEF800822EF2;
					};
					2C6F0B4829EEFEFA00822EF2 = {
						CreatedOnToolsVersion = 14.3;
						TestTargetID = 2C6F0B2829EEFEF800822EF2;
					};
				};
			};
			buildConfigurationList = 2C6F0B2429EEFEF800822EF2 /* Build configuration list for PBXProject "sf_unit17" */;
			compatibilityVersion = "Xcode 14.0";
			developmentRegion = en;
			hasScannedForEncodings = 0;
			knownRegions = (
				en,
				Base,
			);
			mainGroup = 2C6F0B2029EEFEF800822EF2;
			productRefGroup = 2C6F0B2A29EEFEF800822EF2 /* Products */;
			projectDirPath = "";
			projectRoot = "";
			targets = (
				2C6F0B2829EEFEF800822EF2 /* sf_unit17 */,
				2C6F0B3E29EEFEFA00822EF2 /* sf_unit17Tests */,
				2C6F0B4829EEFEFA00822EF2 /* sf_unit17UITests */,
			);
		};
/* End PBXProject section */

/* Begin PBXResourcesBuildPhase section */
		2C6F0B2729EEFEF800822EF2 /* Resources */ = {
			isa = PBXResourcesBuildPhase;
			buildActionMask = 2147483647;
			files = (
				2C6F0B3929EEFEFA00822EF2 /* LaunchScreen.storyboard in Resources */,
				2C6F0B3629EEFEFA00822EF2 /* Assets.xcassets in Resources */,
				2C6F0B3429EEFEF800822EF2 /* Main.storyboard in Resources */,
			);
			runOnlyForDeploymentPostprocessing = 0;
		};
		2C6F0B3D29EEFEFA00822EF2 /* Resources */ = {
			isa = PBXResourcesBuildPhase;
			buildActionMask = 2147483647;
			files = (
			);
			runOnlyForDeploymentPostprocessing = 0;
		};
		2C6F0B4729EEFEFA00822EF2 /* Resources */ = {
			isa = PBXResourcesBuildPhase;
			buildActionMask = 2147483647;
			files = (
			);
			runOnlyForDeploymentPostprocessing = 0;
		};
/* End PBXResourcesBuildPhase section */

/* Begin PBXSourcesBuildPhase section */
		2C6F0B2529EEFEF800822EF2 /* Sources */ = {
			isa = PBXSourcesBuildPhase;
			buildActionMask = 2147483647;
			files = (
				2C6F0B3129EEFEF800822EF2 /* ViewController.swift in Sources */,
				2C6F0B2D29EEFEF800822EF2 /* AppDelegate.swift in Sources */,
				2C6F0B2F29EEFEF800822EF2 /* SceneDelegate.swift in Sources */,
			);
			runOnlyForDeploymentPostprocessing = 0;
		};
		2C6F0B3B29EEFEFA00822EF2 /* Sources */ = {
			isa = PBXSourcesBuildPhase;
			buildActionMask = 2147483647;
			files = (
				2C6F0B4429EEFEFA00822EF2 /* sf_unit17Tests.swift in Sources */,
			);
			runOnlyForDeploymentPostprocessing = 0;
		};
		2C6F0B4529EEFEFA00822EF2 /* Sources */ = {
			isa = PBXSourcesBuildPhase;
			buildActionMask = 2147483647;
			files = (
				2C6F0B4E29EEFEFA00822EF2 /* sf_unit17UITests.swift in Sources */,
				2C6F0B5029EEFEFA00822EF2 /* sf_unit17UITestsLaunchTests.swift in Sources */,
			);
			runOnlyForDeploymentPostprocessing = 0;
		};
/* End PBXSourcesBuildPhase section */

/* Begin PBXTargetDependency section */
		2C6F0B4129EEFEFA00822EF2 /* PBXTargetDependency */ = {
			isa = PBXTargetDependency;
			target = 2C6F0B2829EEFEF800822EF2 /* sf_unit17 */;
			targetProxy = 2C6F0B4029EEFEFA00822EF2 /* PBXContainerItemProxy */;
		};
		2C6F0B4B29EEFEFA00822EF2 /* PBXTargetDependency */ = {
			isa = PBXTargetDependency;
			target = 2C6F0B2829EEFEF800822EF2 /* sf_unit17 */;
			targetProxy = 2C6F0B4A29EEFEFA00822EF2 /* PBXContainerItemProxy */;
		};
/* End PBXTargetDependency section */

/* Begin PBXVariantGroup section */
		2C6F0B3229EEFEF800822EF2 /* Main.storyboard */ = {
			isa = PBXVariantGroup;
			children = (
				2C6F0B3329EEFEF800822EF2 /* Base */,
			);
			name = Main.storyboard;
			sourceTree = "<group>";
		};
		2C6F0B3729EEFEFA00822EF2 /* LaunchScreen.storyboard */ = {
			isa = PBXVariantGroup;
			children = (
				2C6F0B3829EEFEFA00822EF2 /* Base */,
			);
			name = LaunchScreen.storyboard;
			sourceTree = "<group>";
		};
/* End PBXVariantGroup section */

/* Begin XCBuildConfiguration section */
		2C6F0B5129EEFEFA00822EF2 /* Debug */ = {
			isa = XCBuildConfiguration;
			buildSettings = {
				ALWAYS_SEARCH_USER_PATHS = NO;
				CLANG_ANALYZER_NONNULL = YES;
				CLANG_ANALYZER_NUMBER_OBJECT_CONVERSION = YES_AGGRESSIVE;
				CLANG_CXX_LANGUAGE_STANDARD = "gnu++20";
				CLANG_ENABLE_MODULES = YES;
				CLANG_ENABLE_OBJC_ARC = YES;
				CLANG_ENABLE_OBJC_WEAK = YES;
				CLANG_WARN_BLOCK_CAPTURE_AUTORELEASING = YES;
				CLANG_WARN_BOOL_CONVERSION = YES;
				CLANG_WARN_COMMA = YES;
				CLANG_WARN_CONSTANT_CONVERSION = YES;
				CLANG_WARN_DEPRECATED_OBJC_IMPLEMENTATIONS = YES;
				CLANG_WARN_DIRECT_OBJC_ISA_USAGE = YES_ERROR;
				CLANG_WARN_DOCUMENTATION_COMMENTS = YES;
				CLANG_WARN_EMPTY_BODY = YES;
				CLANG_WARN_ENUM_CONVERSION = YES;
				CLANG_WARN_INFINITE_RECURSION = YES;
				CLANG_WARN_INT_CONVERSION = YES;
				CLANG_WARN_NON_LITERAL_NULL_CONVERSION = YES;
				CLANG_WARN_OBJC_IMPLICIT_RETAIN_SELF = YES;
				CLANG_WARN_OBJC_LITERAL_CONVERSION = YES;
				CLANG_WARN_OBJC_ROOT_CLASS = YES_ERROR;
				CLANG_WARN_QUOTED_INCLUDE_IN_FRAMEWORK_HEADER = YES;
				CLANG_WARN_RANGE_LOOP_ANALYSIS = YES;
				CLANG_WARN_STRICT_PROTOTYPES = YES;
				CLANG_WARN_SUSPICIOUS_MOVE = YES;
				CLANG_WARN_UNGUARDED_AVAILABILITY = YES_AGGRESSIVE;
				CLANG_WARN_UNREACHABLE_CODE = YES;
				CLANG_WARN__DUPLICATE_METHOD_MATCH = YES;
				COPY_PHASE_STRIP = NO;
				DEBUG_INFORMATION_FORMAT = dwarf;
				ENABLE_STRICT_OBJC_MSGSEND = YES;
				ENABLE_TESTABILITY = YES;
				GCC_C_LANGUAGE_STANDARD = gnu11;
				GCC_DYNAMIC_NO_PIC = NO;
				GCC_NO_COMMON_BLOCKS = YES;
				GCC_OPTIMIZATION_LEVEL = 0;
				GCC_PREPROCESSOR_DEFINITIONS = (
					"DEBUG=1",
					"$(inherited)",
				);
				GCC_WARN_64_TO_32_BIT_CONVERSION = YES;
				GCC_WARN_ABOUT_RETURN_TYPE = YES_ERROR;
				GCC_WARN_UNDECLARED_SELECTOR = YES;
				GCC_WARN_UNINITIALIZED_AUTOS = YES_AGGRESSIVE;
				GCC_WARN_UNUSED_FUNCTION = YES;
				GCC_WARN_UNUSED_VARIABLE = YES;
				IPHONEOS_DEPLOYMENT_TARGET = 16.4;
				MTL_ENABLE_DEBUG_INFO = INCLUDE_SOURCE;
				MTL_FAST_MATH = YES;
				ONLY_ACTIVE_ARCH = YES;
				SDKROOT = iphoneos;
				SWIFT_ACTIVE_COMPILATION_CONDITIONS = DEBUG;
				SWIFT_OPTIMIZATION_LEVEL = "-Onone";
			};
			name = Debug;
		};
		2C6F0B5229EEFEFA00822EF2 /* Release */ = {
			isa = XCBuildConfiguration;
			buildSettings = {
				ALWAYS_SEARCH_USER_PATHS = NO;
				CLANG_ANALYZER_NONNULL = YES;
				CLANG_ANALYZER_NUMBER_OBJECT_CONVERSION = YES_AGGRESSIVE;
				CLANG_CXX_LANGUAGE_STANDARD = "gnu++20";
				CLANG_ENABLE_MODULES = YES;
				CLANG_ENABLE_OBJC_ARC = YES;
				CLANG_ENABLE_OBJC_WEAK = YES;
				CLANG_WARN_BLOCK_CAPTURE_AUTORELEASING = YES;
				CLANG_WARN_BOOL_CONVERSION = YES;
				CLANG_WARN_COMMA = YES;
				CLANG_WARN_CONSTANT_CONVERSION = YES;
				CLANG_WARN_DEPRECATED_OBJC_IMPLEMENTATIONS = YES;
				CLANG_WARN_DIRECT_OBJC_ISA_USAGE = YES_ERROR;
				CLANG_WARN_DOCUMENTATION_COMMENTS = YES;
				CLANG_WARN_EMPTY_BODY = YES;
				CLANG_WARN_ENUM_CONVERSION = YES;
				CLANG_WARN_INFINITE_RECURSION = YES;
				CLANG_WARN_INT_CONVERSION = YES;
				CLANG_WARN_NON_LITERAL_NULL_CONVERSION = YES;
				CLANG_WARN_OBJC_IMPLICIT_RETAIN_SELF = YES;
				CLANG_WARN_OBJC_LITERAL_CONVERSION = YES;
				CLANG_WARN_OBJC_ROOT_CLASS = YES_ERROR;
				CLANG_WARN_QUOTED_INCLUDE_IN_FRAMEWORK_HEADER = YES;
				CLANG_WARN_RANGE_LOOP_ANALYSIS = YES;
				CLANG_WARN_STRICT_PROTOTYPES = YES;
				CLANG_WARN_SUSPICIOUS_MOVE = YES;
				CLANG_WARN_UNGUARDED_AVAILABILITY = YES_AGGRESSIVE;
				CLANG_WARN_UNREACHABLE_CODE = YES;
				CLANG_WARN__DUPLICATE_METHOD_MATCH = YES;
				COPY_PHASE_STRIP = NO;
				DEBUG_INFORMATION_FORMAT = "dwarf-with-dsym";
				ENABLE_NS_ASSERTIONS = NO;
				ENABLE_STRICT_OBJC_MSGSEND = YES;
				GCC_C_LANGUAGE_STANDARD = gnu11;
				GCC_NO_COMMON_BLOCKS = YES;
				GCC_WARN_64_TO_32_BIT_CONVERSION = YES;
				GCC_WARN_ABOUT_RETURN_TYPE = YES_ERROR;
				GCC_WARN_UNDECLARED_SELECTOR = YES;
				GCC_WARN_UNINITIALIZED_AUTOS = YES_AGGRESSIVE;
				GCC_WARN_UNUSED_FUNCTION = YES;
				GCC_WARN_UNUSED_VARIABLE = YES;
				IPHONEOS_DEPLOYMENT_TARGET = 16.4;
				MTL_ENABLE_DEBUG_INFO = NO;
				MTL_FAST_MATH = YES;
				SDKROOT = iphoneos;
				SWIFT_COMPILATION_MODE = wholemodule;
				SWIFT_OPTIMIZATION_LEVEL = "-O";
				VALIDATE_PRODUCT = YES;
			};
			name = Release;
		};
		2C6F0B5429EEFEFA00822EF2 /* Debug */ = {
			isa = XCBuildConfiguration;
			buildSettings = {
				ASSETCATALOG_COMPILER_APPICON_NAME = AppIcon;
				ASSETCATALOG_COMPILER_GLOBAL_ACCENT_COLOR_NAME = AccentColor;
				CODE_SIGN_STYLE = Automatic;
				CURRENT_PROJECT_VERSION = 1;
				DEVELOPMENT_TEAM = J5V4FRQ99J;
				GENERATE_INFOPLIST_FILE = YES;
				INFOPLIST_FILE = sf_unit17/Info.plist;
				INFOPLIST_KEY_UIApplicationSupportsIndirectInputEvents = YES;
				INFOPLIST_KEY_UILaunchStoryboardName = LaunchScreen;
				INFOPLIST_KEY_UIMainStoryboardFile = Main;
				INFOPLIST_KEY_UIStatusBarStyle = "";
				INFOPLIST_KEY_UISupportedInterfaceOrientations_iPad = "UIInterfaceOrientationPortrait UIInterfaceOrientationPortraitUpsideDown UIInterfaceOrientationLandscapeLeft UIInterfaceOrientationLandscapeRight";
				INFOPLIST_KEY_UISupportedInterfaceOrientations_iPhone = "UIInterfaceOrientationPortrait UIInterfaceOrientationLandscapeLeft UIInterfaceOrientationLandscapeRight";
				IPHONEOS_DEPLOYMENT_TARGET = 16.4;
				LD_RUNPATH_SEARCH_PATHS = (
					"$(inherited)",
					"@executable_path/Frameworks",
				);
				MARKETING_VERSION = 1.0;
				PRODUCT_BUNDLE_IDENTIFIER = "ru.piv.sf-unit17";
				PRODUCT_NAME = "$(TARGET_NAME)";
				SWIFT_EMIT_LOC_STRINGS = YES;
				SWIFT_VERSION = 5.0;
				TARGETED_DEVICE_FAMILY = "1,2";
			};
			name = Debug;
		};
		2C6F0B5529EEFEFA00822EF2 /* Release */ = {
			isa = XCBuildConfiguration;
			buildSettings = {
				ASSETCATALOG_COMPILER_APPICON_NAME = AppIcon;
				ASSETCATALOG_COMPILER_GLOBAL_ACCENT_COLOR_NAME = AccentColor;
				CODE_SIGN_STYLE = Automatic;
				CURRENT_PROJECT_VERSION = 1;
				DEVELOPMENT_TEAM = J5V4FRQ99J;
				GENERATE_INFOPLIST_FILE = YES;
				INFOPLIST_FILE = sf_unit17/Info.plist;
				INFOPLIST_KEY_UIApplicationSupportsIndirectInputEvents = YES;
				INFOPLIST_KEY_UILaunchStoryboardName = LaunchScreen;
				INFOPLIST_KEY_UIMainStoryboardFile = Main;
				INFOPLIST_KEY_UIStatusBarStyle = "";
				INFOPLIST_KEY_UISupportedInterfaceOrientations_iPad = "UIInterfaceOrientationPortrait UIInterfaceOrientationPortraitUpsideDown UIInterfaceOrientationLandscapeLeft UIInterfaceOrientationLandscapeRight";
				INFOPLIST_KEY_UISupportedInterfaceOrientations_iPhone = "UIInterfaceOrientationPortrait UIInterfaceOrientationLandscapeLeft UIInterfaceOrientationLandscapeRight";
				IPHONEOS_DEPLOYMENT_TARGET = 16.4;
				LD_RUNPATH_SEARCH_PATHS = (
					"$(inherited)",
					"@executable_path/Frameworks",
				);
				MARKETING_VERSION = 1.0;
				PRODUCT_BUNDLE_IDENTIFIER = "ru.piv.sf-unit17";
				PRODUCT_NAME = "$(TARGET_NAME)";
				SWIFT_EMIT_LOC_STRINGS = YES;
				SWIFT_VERSION = 5.0;
				TARGETED_DEVICE_FAMILY = "1,2";
			};
			name = Release;
		};
		2C6F0B5729EEFEFA00822EF2 /* Debug */ = {
			isa = XCBuildConfiguration;
			buildSettings = {
				ALWAYS_EMBED_SWIFT_STANDARD_LIBRARIES = YES;
				BUNDLE_LOADER = "$(TEST_HOST)";
				CODE_SIGN_STYLE = Automatic;
				CURRENT_PROJECT_VERSION = 1;
				DEVELOPMENT_TEAM = J5V4FRQ99J;
				GENERATE_INFOPLIST_FILE = YES;
				IPHONEOS_DEPLOYMENT_TARGET = 16.4;
				MARKETING_VERSION = 1.0;
				PRODUCT_BUNDLE_IDENTIFIER = "ru.piv.sf-unit17Tests";
				PRODUCT_NAME = "$(TARGET_NAME)";
				SWIFT_EMIT_LOC_STRINGS = NO;
				SWIFT_VERSION = 5.0;
				TARGETED_DEVICE_FAMILY = "1,2";
				TEST_HOST = "$(BUILT_PRODUCTS_DIR)/sf_unit17.app/$(BUNDLE_EXECUTABLE_FOLDER_PATH)/sf_unit17";
			};
			name = Debug;
		};
		2C6F0B5829EEFEFA00822EF2 /* Release */ = {
			isa = XCBuildConfiguration;
			buildSettings = {
				ALWAYS_EMBED_SWIFT_STANDARD_LIBRARIES = YES;
				BUNDLE_LOADER = "$(TEST_HOST)";
				CODE_SIGN_STYLE = Automatic;
				CURRENT_PROJECT_VERSION = 1;
				DEVELOPMENT_TEAM = J5V4FRQ99J;
				GENERATE_INFOPLIST_FILE = YES;
				IPHONEOS_DEPLOYMENT_TARGET = 16.4;
				MARKETING_VERSION = 1.0;
				PRODUCT_BUNDLE_IDENTIFIER = "ru.piv.sf-unit17Tests";
				PRODUCT_NAME = "$(TARGET_NAME)";
				SWIFT_EMIT_LOC_STRINGS = NO;
				SWIFT_VERSION = 5.0;
				TARGETED_DEVICE_FAMILY = "1,2";
				TEST_HOST = "$(BUILT_PRODUCTS_DIR)/sf_unit17.app/$(BUNDLE_EXECUTABLE_FOLDER_PATH)/sf_unit17";
			};
			name = Release;
		};
		2C6F0B5A29EEFEFA00822EF2 /* Debug */ = {
			isa = XCBuildConfiguration;
			buildSettings = {
				ALWAYS_EMBED_SWIFT_STANDARD_LIBRARIES = YES;
				CODE_SIGN_STYLE = Automatic;
				CURRENT_PROJECT_VERSION = 1;
				DEVELOPMENT_TEAM = J5V4FRQ99J;
				GENERATE_INFOPLIST_FILE = YES;
				MARKETING_VERSION = 1.0;
				PRODUCT_BUNDLE_IDENTIFIER = "ru.piv.sf-unit17UITests";
				PRODUCT_NAME = "$(TARGET_NAME)";
				SWIFT_EMIT_LOC_STRINGS = NO;
				SWIFT_VERSION = 5.0;
				TARGETED_DEVICE_FAMILY = "1,2";
				TEST_TARGET_NAME = sf_unit17;
			};
			name = Debug;
		};
		2C6F0B5B29EEFEFA00822EF2 /* Release */ = {
			isa = XCBuildConfiguration;
			buildSettings = {
				ALWAYS_EMBED_SWIFT_STANDARD_LIBRARIES = YES;
				CODE_SIGN_STYLE = Automatic;
				CURRENT_PROJECT_VERSION = 1;
				DEVELOPMENT_TEAM = J5V4FRQ99J;
				GENERATE_INFOPLIST_FILE = YES;
				MARKETING_VERSION = 1.0;
				PRODUCT_BUNDLE_IDENTIFIER = "ru.piv.sf-unit17UITests";
				PRODUCT_NAME = "$(TARGET_NAME)";
				SWIFT_EMIT_LOC_STRINGS = NO;
				SWIFT_VERSION = 5.0;
				TARGETED_DEVICE_FAMILY = "1,2";
				TEST_TARGET_NAME = sf_unit17;
			};
			name = Release;
		};
/* End XCBuildConfiguration section */

/* Begin XCConfigurationList section */
		2C6F0B2429EEFEF800822EF2 /* Build configuration list for PBXProject "sf_unit17" */ = {
			isa = XCConfigurationList;
			buildConfigurations = (
				2C6F0B5129EEFEFA00822EF2 /* Debug */,
				2C6F0B5229EEFEFA00822EF2 /* Release */,
			);
			defaultConfigurationIsVisible = 0;
			defaultConfigurationName = Release;
		};
		2C6F0B5329EEFEFA00822EF2 /* Build configuration list for PBXNativeTarget "sf_unit17" */ = {
			isa = XCConfigurationList;
			buildConfigurations = (
				2C6F0B5429EEFEFA00822EF2 /* Debug */,
				2C6F0B5529EEFEFA00822EF2 /* Release */,
			);
			defaultConfigurationIsVisible = 0;
			defaultConfigurationName = Release;
		};
		2C6F0B5629EEFEFA00822EF2 /* Build configuration list for PBXNativeTarget "sf_unit17Tests" */ = {
			isa = XCConfigurationList;
			buildConfigurations = (
				2C6F0B5729EEFEFA00822EF2 /* Debug */,
				2C6F0B5829EEFEFA00822EF2 /* Release */,
			);
			defaultConfigurationIsVisible = 0;
			defaultConfigurationName = Release;
		};
		2C6F0B5929EEFEFA00822EF2 /* Build configuration list for PBXNativeTarget "sf_unit17UITests" */ = {
			isa = XCConfigurationList;
			buildConfigurations = (
				2C6F0B5A29EEFEFA00822EF2 /* Debug */,
				2C6F0B5B29EEFEFA00822EF2 /* Release */,
			);
			defaultConfigurationIsVisible = 0;
			defaultConfigurationName = Release;
		};
/* End XCConfigurationList section */
	};
	rootObject = 2C6F0B2129EEFEF800822EF2 /* Project object */;
}
